schema: '2.0'
stages:
  download:
    cmd: stages/01_download.sh
    deps:
    - path: stages/01_download.sh
      hash: md5
      md5: 9cc5bd1829f6b3668b11ae78d37702d9
      size: 319
    outs:
    - path: download
      hash: md5
      md5: 14dd94c17d826db3a6730fe9a00bed17.dir
      size: 373180853619
      nfiles: 1342
  csv:
    cmd: stages/02_csv.sh
    deps:
    - path: download
      hash: md5
      md5: 14dd94c17d826db3a6730fe9a00bed17.dir
      size: 373180853619
      nfiles: 1342
    - path: stages/02_csv.sh
      hash: md5
      md5: 03f87d6d175f70e31d8d62ce785f6832
      size: 85
    - path: stages/02_flatten-openalex-jsonl.py
      hash: md5
      md5: a537530ad7b25772fdb2a0ab5a19dbe6
      size: 34042
    outs:
    - path: csv
      hash: md5
      md5: ff292d2d66bbd4c75cbd406fbb0ce454.dir
      size: 220253556401
      nfiles: 31
  brick:
    cmd: stages/03_brick.sh
    deps:
    - path: csv
      hash: md5
      md5: ff292d2d66bbd4c75cbd406fbb0ce454.dir
      size: 220253556401
      nfiles: 31
    - path: stages/03_brick.sh
      hash: md5
      md5: 606174ad68be75fa53e31cff3fee1659
      size: 740
    - path: stages/03_csv2parquet.py
      hash: md5
      md5: 08f49befa6e5e19e5748cf8d0d7f19fc
      size: 2145
    outs:
    - path: brick
      hash: md5
      md5: 77dbf1c0a4a8a08d4005a6d2928a7c98.dir
      size: 347704884147
      nfiles: 31
